// !$*UTF8*$!
{
	archiveVersion = 1;
	classes = {
	};
	objectVersion = 51;
	objects = {

/* Begin PBXBuildFile section */
		1642A602966AAEA13176FF89 /* Pods_GBShopTests.framework in Frameworks */ = {isa = PBXBuildFile; fileRef = 52997F3EC1934B2F68005CCA /* Pods_GBShopTests.framework */; };
		6AEF4F2F4CE14ADDAAEE6F45 /* Pods_GBShop_GBShopUITests.framework in Frameworks */ = {isa = PBXBuildFile; fileRef = EFDE649790693B5221EE69A0 /* Pods_GBShop_GBShopUITests.framework */; };
		76B7AEB0D37F8C41C264B6FF /* Pods_GBShop.framework in Frameworks */ = {isa = PBXBuildFile; fileRef = 22DFB9DE3530204A274D4EAE /* Pods_GBShop.framework */; };
		D7431B6A25A188F6003DD677 /* AppDelegate.swift in Sources */ = {isa = PBXBuildFile; fileRef = D7431B6925A188F6003DD677 /* AppDelegate.swift */; };
		D7431B6C25A188F6003DD677 /* SceneDelegate.swift in Sources */ = {isa = PBXBuildFile; fileRef = D7431B6B25A188F6003DD677 /* SceneDelegate.swift */; };
		D7431B6E25A188F6003DD677 /* ViewController.swift in Sources */ = {isa = PBXBuildFile; fileRef = D7431B6D25A188F6003DD677 /* ViewController.swift */; };
		D7431B7125A188F6003DD677 /* Main.storyboard in Resources */ = {isa = PBXBuildFile; fileRef = D7431B6F25A188F6003DD677 /* Main.storyboard */; };
		D7431B7325A188F8003DD677 /* Assets.xcassets in Resources */ = {isa = PBXBuildFile; fileRef = D7431B7225A188F8003DD677 /* Assets.xcassets */; };
		D7431B7625A188F8003DD677 /* LaunchScreen.storyboard in Resources */ = {isa = PBXBuildFile; fileRef = D7431B7425A188F8003DD677 /* LaunchScreen.storyboard */; };
		D7431B8125A188F9003DD677 /* GBShopTests.swift in Sources */ = {isa = PBXBuildFile; fileRef = D7431B8025A188F9003DD677 /* GBShopTests.swift */; };
		D7431B8C25A188F9003DD677 /* GBShopUITests.swift in Sources */ = {isa = PBXBuildFile; fileRef = D7431B8B25A188F9003DD677 /* GBShopUITests.swift */; };
		D7431BB025A18BAC003DD677 /* User.swift in Sources */ = {isa = PBXBuildFile; fileRef = D7431BAF25A18BAC003DD677 /* User.swift */; };
		D7431BB525A18BCA003DD677 /* LoginResult.swift in Sources */ = {isa = PBXBuildFile; fileRef = D7431BB425A18BCA003DD677 /* LoginResult.swift */; };
		D7431BC225A18CB2003DD677 /* AbstractErrorParser.swift in Sources */ = {isa = PBXBuildFile; fileRef = D7431BC125A18CB2003DD677 /* AbstractErrorParser.swift */; };
		D7431BC725A18CDB003DD677 /* DataRequest..swift in Sources */ = {isa = PBXBuildFile; fileRef = D7431BC625A18CDB003DD677 /* DataRequest..swift */; };
		D7431BCC25A18D07003DD677 /* AbstractRequestFactory.swift in Sources */ = {isa = PBXBuildFile; fileRef = D7431BCB25A18D07003DD677 /* AbstractRequestFactory.swift */; };
		D7431BD125A18D33003DD677 /* RequestRouter.swift in Sources */ = {isa = PBXBuildFile; fileRef = D7431BD025A18D33003DD677 /* RequestRouter.swift */; };
		D7431BD625A18D56003DD677 /* ErrorParser.swift in Sources */ = {isa = PBXBuildFile; fileRef = D7431BD525A18D56003DD677 /* ErrorParser.swift */; };
		D7431BDB25A18D88003DD677 /* AuthRequestFactory.swift in Sources */ = {isa = PBXBuildFile; fileRef = D7431BDA25A18D88003DD677 /* AuthRequestFactory.swift */; };
		D7431BE025A18DA6003DD677 /* Auth.swift in Sources */ = {isa = PBXBuildFile; fileRef = D7431BDF25A18DA6003DD677 /* Auth.swift */; };
		D7431BE525A18DC9003DD677 /* RequestFactory.swift in Sources */ = {isa = PBXBuildFile; fileRef = D7431BE425A18DC9003DD677 /* RequestFactory.swift */; };
/* End PBXBuildFile section */

/* Begin PBXContainerItemProxy section */
		D7431B7D25A188F9003DD677 /* PBXContainerItemProxy */ = {
			isa = PBXContainerItemProxy;
			containerPortal = D7431B5E25A188F6003DD677 /* Project object */;
			proxyType = 1;
			remoteGlobalIDString = D7431B6525A188F6003DD677;
			remoteInfo = GBShop;
		};
		D7431B8825A188F9003DD677 /* PBXContainerItemProxy */ = {
			isa = PBXContainerItemProxy;
			containerPortal = D7431B5E25A188F6003DD677 /* Project object */;
			proxyType = 1;
			remoteGlobalIDString = D7431B6525A188F6003DD677;
			remoteInfo = GBShop;
		};
/* End PBXContainerItemProxy section */

/* Begin PBXFileReference section */
		0BF7DB1B577EA412A83A6369 /* Pods-GBShop-GBShopUITests.debug.xcconfig */ = {isa = PBXFileReference; includeInIndex = 1; lastKnownFileType = text.xcconfig; name = "Pods-GBShop-GBShopUITests.debug.xcconfig"; path = "Target Support Files/Pods-GBShop-GBShopUITests/Pods-GBShop-GBShopUITests.debug.xcconfig"; sourceTree = "<group>"; };
		22DFB9DE3530204A274D4EAE /* Pods_GBShop.framework */ = {isa = PBXFileReference; explicitFileType = wrapper.framework; includeInIndex = 0; path = Pods_GBShop.framework; sourceTree = BUILT_PRODUCTS_DIR; };
		2CB9A695A9F58A70FAABB1D5 /* Pods-GBShop.release.xcconfig */ = {isa = PBXFileReference; includeInIndex = 1; lastKnownFileType = text.xcconfig; name = "Pods-GBShop.release.xcconfig"; path = "Target Support Files/Pods-GBShop/Pods-GBShop.release.xcconfig"; sourceTree = "<group>"; };
		3A25A068C359AF756BFF9A39 /* Pods-GBShopTests.release.xcconfig */ = {isa = PBXFileReference; includeInIndex = 1; lastKnownFileType = text.xcconfig; name = "Pods-GBShopTests.release.xcconfig"; path = "Target Support Files/Pods-GBShopTests/Pods-GBShopTests.release.xcconfig"; sourceTree = "<group>"; };
		4F14DF3F25545828ECD254B4 /* Pods-GBShop-GBShopUITests.release.xcconfig */ = {isa = PBXFileReference; includeInIndex = 1; lastKnownFileType = text.xcconfig; name = "Pods-GBShop-GBShopUITests.release.xcconfig"; path = "Target Support Files/Pods-GBShop-GBShopUITests/Pods-GBShop-GBShopUITests.release.xcconfig"; sourceTree = "<group>"; };
		52997F3EC1934B2F68005CCA /* Pods_GBShopTests.framework */ = {isa = PBXFileReference; explicitFileType = wrapper.framework; includeInIndex = 0; path = Pods_GBShopTests.framework; sourceTree = BUILT_PRODUCTS_DIR; };
		6F5ED73881A62D0BC49F8A1E /* Pods-GBShop.debug.xcconfig */ = {isa = PBXFileReference; includeInIndex = 1; lastKnownFileType = text.xcconfig; name = "Pods-GBShop.debug.xcconfig"; path = "Target Support Files/Pods-GBShop/Pods-GBShop.debug.xcconfig"; sourceTree = "<group>"; };
		D7431B6625A188F6003DD677 /* GBShop.app */ = {isa = PBXFileReference; explicitFileType = wrapper.application; includeInIndex = 0; path = GBShop.app; sourceTree = BUILT_PRODUCTS_DIR; };
		D7431B6925A188F6003DD677 /* AppDelegate.swift */ = {isa = PBXFileReference; lastKnownFileType = sourcecode.swift; path = AppDelegate.swift; sourceTree = "<group>"; };
		D7431B6B25A188F6003DD677 /* SceneDelegate.swift */ = {isa = PBXFileReference; lastKnownFileType = sourcecode.swift; path = SceneDelegate.swift; sourceTree = "<group>"; };
		D7431B6D25A188F6003DD677 /* ViewController.swift */ = {isa = PBXFileReference; lastKnownFileType = sourcecode.swift; path = ViewController.swift; sourceTree = "<group>"; };
		D7431B7025A188F6003DD677 /* Base */ = {isa = PBXFileReference; lastKnownFileType = file.storyboard; name = Base; path = Base.lproj/Main.storyboard; sourceTree = "<group>"; };
		D7431B7225A188F8003DD677 /* Assets.xcassets */ = {isa = PBXFileReference; lastKnownFileType = folder.assetcatalog; path = Assets.xcassets; sourceTree = "<group>"; };
		D7431B7525A188F8003DD677 /* Base */ = {isa = PBXFileReference; lastKnownFileType = file.storyboard; name = Base; path = Base.lproj/LaunchScreen.storyboard; sourceTree = "<group>"; };
		D7431B7725A188F8003DD677 /* Info.plist */ = {isa = PBXFileReference; lastKnownFileType = text.plist.xml; path = Info.plist; sourceTree = "<group>"; };
		D7431B7C25A188F9003DD677 /* GBShopTests.xctest */ = {isa = PBXFileReference; explicitFileType = wrapper.cfbundle; includeInIndex = 0; path = GBShopTests.xctest; sourceTree = BUILT_PRODUCTS_DIR; };
		D7431B8025A188F9003DD677 /* GBShopTests.swift */ = {isa = PBXFileReference; lastKnownFileType = sourcecode.swift; path = GBShopTests.swift; sourceTree = "<group>"; };
		D7431B8225A188F9003DD677 /* Info.plist */ = {isa = PBXFileReference; lastKnownFileType = text.plist.xml; path = Info.plist; sourceTree = "<group>"; };
		D7431B8725A188F9003DD677 /* GBShopUITests.xctest */ = {isa = PBXFileReference; explicitFileType = wrapper.cfbundle; includeInIndex = 0; path = GBShopUITests.xctest; sourceTree = BUILT_PRODUCTS_DIR; };
		D7431B8B25A188F9003DD677 /* GBShopUITests.swift */ = {isa = PBXFileReference; lastKnownFileType = sourcecode.swift; path = GBShopUITests.swift; sourceTree = "<group>"; };
		D7431B8D25A188F9003DD677 /* Info.plist */ = {isa = PBXFileReference; lastKnownFileType = text.plist.xml; path = Info.plist; sourceTree = "<group>"; };
		D7431BAF25A18BAC003DD677 /* User.swift */ = {isa = PBXFileReference; lastKnownFileType = sourcecode.swift; path = User.swift; sourceTree = "<group>"; };
		D7431BB425A18BCA003DD677 /* LoginResult.swift */ = {isa = PBXFileReference; lastKnownFileType = sourcecode.swift; path = LoginResult.swift; sourceTree = "<group>"; };
		D7431BC125A18CB2003DD677 /* AbstractErrorParser.swift */ = {isa = PBXFileReference; lastKnownFileType = sourcecode.swift; path = AbstractErrorParser.swift; sourceTree = "<group>"; };
		D7431BC625A18CDB003DD677 /* DataRequest..swift */ = {isa = PBXFileReference; lastKnownFileType = sourcecode.swift; path = DataRequest..swift; sourceTree = "<group>"; };
		D7431BCB25A18D07003DD677 /* AbstractRequestFactory.swift */ = {isa = PBXFileReference; lastKnownFileType = sourcecode.swift; path = AbstractRequestFactory.swift; sourceTree = "<group>"; };
		D7431BD025A18D33003DD677 /* RequestRouter.swift */ = {isa = PBXFileReference; lastKnownFileType = sourcecode.swift; path = RequestRouter.swift; sourceTree = "<group>"; };
		D7431BD525A18D56003DD677 /* ErrorParser.swift */ = {isa = PBXFileReference; lastKnownFileType = sourcecode.swift; path = ErrorParser.swift; sourceTree = "<group>"; };
		D7431BDA25A18D88003DD677 /* AuthRequestFactory.swift */ = {isa = PBXFileReference; lastKnownFileType = sourcecode.swift; path = AuthRequestFactory.swift; sourceTree = "<group>"; };
		D7431BDF25A18DA6003DD677 /* Auth.swift */ = {isa = PBXFileReference; lastKnownFileType = sourcecode.swift; path = Auth.swift; sourceTree = "<group>"; };
		D7431BE425A18DC9003DD677 /* RequestFactory.swift */ = {isa = PBXFileReference; lastKnownFileType = sourcecode.swift; path = RequestFactory.swift; sourceTree = "<group>"; };
		EFDE649790693B5221EE69A0 /* Pods_GBShop_GBShopUITests.framework */ = {isa = PBXFileReference; explicitFileType = wrapper.framework; includeInIndex = 0; path = Pods_GBShop_GBShopUITests.framework; sourceTree = BUILT_PRODUCTS_DIR; };
		FF04F2BF4BC53E049FAFB6E7 /* Pods-GBShopTests.debug.xcconfig */ = {isa = PBXFileReference; includeInIndex = 1; lastKnownFileType = text.xcconfig; name = "Pods-GBShopTests.debug.xcconfig"; path = "Target Support Files/Pods-GBShopTests/Pods-GBShopTests.debug.xcconfig"; sourceTree = "<group>"; };
/* End PBXFileReference section */

/* Begin PBXFrameworksBuildPhase section */
		D7431B6325A188F6003DD677 /* Frameworks */ = {
			isa = PBXFrameworksBuildPhase;
			buildActionMask = 2147483647;
			files = (
				76B7AEB0D37F8C41C264B6FF /* Pods_GBShop.framework in Frameworks */,
			);
			runOnlyForDeploymentPostprocessing = 0;
		};
		D7431B7925A188F9003DD677 /* Frameworks */ = {
			isa = PBXFrameworksBuildPhase;
			buildActionMask = 2147483647;
			files = (
				1642A602966AAEA13176FF89 /* Pods_GBShopTests.framework in Frameworks */,
			);
			runOnlyForDeploymentPostprocessing = 0;
		};
		D7431B8425A188F9003DD677 /* Frameworks */ = {
			isa = PBXFrameworksBuildPhase;
			buildActionMask = 2147483647;
			files = (
				6AEF4F2F4CE14ADDAAEE6F45 /* Pods_GBShop_GBShopUITests.framework in Frameworks */,
			);
			runOnlyForDeploymentPostprocessing = 0;
		};
/* End PBXFrameworksBuildPhase section */

/* Begin PBXGroup section */
		13EDE882CC8F22CD89A42DBF /* Frameworks */ = {
			isa = PBXGroup;
			children = (
				22DFB9DE3530204A274D4EAE /* Pods_GBShop.framework */,
				EFDE649790693B5221EE69A0 /* Pods_GBShop_GBShopUITests.framework */,
				52997F3EC1934B2F68005CCA /* Pods_GBShopTests.framework */,
			);
			name = Frameworks;
			sourceTree = "<group>";
		};
		531ECB74D4FBEE5A5BE5EEF6 /* Pods */ = {
			isa = PBXGroup;
			children = (
				6F5ED73881A62D0BC49F8A1E /* Pods-GBShop.debug.xcconfig */,
				2CB9A695A9F58A70FAABB1D5 /* Pods-GBShop.release.xcconfig */,
				0BF7DB1B577EA412A83A6369 /* Pods-GBShop-GBShopUITests.debug.xcconfig */,
				4F14DF3F25545828ECD254B4 /* Pods-GBShop-GBShopUITests.release.xcconfig */,
				FF04F2BF4BC53E049FAFB6E7 /* Pods-GBShopTests.debug.xcconfig */,
				3A25A068C359AF756BFF9A39 /* Pods-GBShopTests.release.xcconfig */,
			);
			path = Pods;
			sourceTree = "<group>";
		};
		D7431B5D25A188F6003DD677 = {
			isa = PBXGroup;
			children = (
				D7431B6825A188F6003DD677 /* GBShop */,
				D7431B7F25A188F9003DD677 /* GBShopTests */,
				D7431B8A25A188F9003DD677 /* GBShopUITests */,
				D7431B6725A188F6003DD677 /* Products */,
				531ECB74D4FBEE5A5BE5EEF6 /* Pods */,
				13EDE882CC8F22CD89A42DBF /* Frameworks */,
			);
			sourceTree = "<group>";
		};
		D7431B6725A188F6003DD677 /* Products */ = {
			isa = PBXGroup;
			children = (
				D7431B6625A188F6003DD677 /* GBShop.app */,
				D7431B7C25A188F9003DD677 /* GBShopTests.xctest */,
				D7431B8725A188F9003DD677 /* GBShopUITests.xctest */,
			);
			name = Products;
			sourceTree = "<group>";
		};
		D7431B6825A188F6003DD677 /* GBShop */ = {
			isa = PBXGroup;
			children = (
				D7431B7725A188F8003DD677 /* Info.plist */,
				D7431BA625A18A92003DD677 /* App */,
				D7431BA525A18A88003DD677 /* Core */,
				D7431BA425A18A72003DD677 /* Resources */,
				D7431BA325A18A4B003DD677 /* Environments */,
			);
			path = GBShop;
			sourceTree = "<group>";
		};
		D7431B7F25A188F9003DD677 /* GBShopTests */ = {
			isa = PBXGroup;
			children = (
				D7431B8025A188F9003DD677 /* GBShopTests.swift */,
				D7431B8225A188F9003DD677 /* Info.plist */,
			);
			path = GBShopTests;
			sourceTree = "<group>";
		};
		D7431B8A25A188F9003DD677 /* GBShopUITests */ = {
			isa = PBXGroup;
			children = (
				D7431B8B25A188F9003DD677 /* GBShopUITests.swift */,
				D7431B8D25A188F9003DD677 /* Info.plist */,
			);
			path = GBShopUITests;
			sourceTree = "<group>";
		};
		D7431BA325A18A4B003DD677 /* Environments */ = {
			isa = PBXGroup;
			children = (
			);
			path = Environments;
			sourceTree = "<group>";
		};
		D7431BA425A18A72003DD677 /* Resources */ = {
			isa = PBXGroup;
			children = (
				D7431B7225A188F8003DD677 /* Assets.xcassets */,
				D7431B7425A188F8003DD677 /* LaunchScreen.storyboard */,
			);
			path = Resources;
			sourceTree = "<group>";
		};
		D7431BA525A18A88003DD677 /* Core */ = {
			isa = PBXGroup;
			children = (
				D7431BAB25A18B45003DD677 /* Network */,
			);
			path = Core;
			sourceTree = "<group>";
		};
		D7431BA625A18A92003DD677 /* App */ = {
			isa = PBXGroup;
			children = (
				D7431B6925A188F6003DD677 /* AppDelegate.swift */,
				D7431B6B25A188F6003DD677 /* SceneDelegate.swift */,
				D7431B6D25A188F6003DD677 /* ViewController.swift */,
				D7431B6F25A188F6003DD677 /* Main.storyboard */,
				D7431BAA25A18AE5003DD677 /* BussinessLogic */,
				D7431BA925A18AD7003DD677 /* Entity */,
				D7431BA825A18AC2003DD677 /* Assembly */,
				D7431BA725A18AA4003DD677 /* Flows */,
			);
			path = App;
			sourceTree = "<group>";
		};
		D7431BA725A18AA4003DD677 /* Flows */ = {
			isa = PBXGroup;
			children = (
			);
			path = Flows;
			sourceTree = "<group>";
		};
		D7431BA825A18AC2003DD677 /* Assembly */ = {
			isa = PBXGroup;
			children = (
			);
			path = Assembly;
			sourceTree = "<group>";
		};
		D7431BA925A18AD7003DD677 /* Entity */ = {
			isa = PBXGroup;
			children = (
				D7431BAF25A18BAC003DD677 /* User.swift */,
				D7431BB425A18BCA003DD677 /* LoginResult.swift */,
			);
			path = Entity;
			sourceTree = "<group>";
		};
		D7431BAA25A18AE5003DD677 /* BussinessLogic */ = {
			isa = PBXGroup;
			children = (
				D7431BB925A18BF8003DD677 /* Network */,
			);
			path = BussinessLogic;
			sourceTree = "<group>";
		};
		D7431BAB25A18B45003DD677 /* Network */ = {
			isa = PBXGroup;
			children = (
				D7431BC125A18CB2003DD677 /* AbstractErrorParser.swift */,
				D7431BC625A18CDB003DD677 /* DataRequest..swift */,
				D7431BCB25A18D07003DD677 /* AbstractRequestFactory.swift */,
				D7431BD025A18D33003DD677 /* RequestRouter.swift */,
				D7431BD525A18D56003DD677 /* ErrorParser.swift */,
			);
			path = Network;
			sourceTree = "<group>";
		};
		D7431BB925A18BF8003DD677 /* Network */ = {
			isa = PBXGroup;
			children = (
				D7431BDA25A18D88003DD677 /* AuthRequestFactory.swift */,
				D7431BDF25A18DA6003DD677 /* Auth.swift */,
				D7431BE425A18DC9003DD677 /* RequestFactory.swift */,
			);
			path = Network;
			sourceTree = "<group>";
		};
/* End PBXGroup section */

/* Begin PBXNativeTarget section */
		D7431B6525A188F6003DD677 /* GBShop */ = {
			isa = PBXNativeTarget;
			buildConfigurationList = D7431B9025A188F9003DD677 /* Build configuration list for PBXNativeTarget "GBShop" */;
			buildPhases = (
				B9D2C6D8A7011C4F2B97F5DD /* [CP] Check Pods Manifest.lock */,
				D7431B6225A188F6003DD677 /* Sources */,
				D7431B6325A188F6003DD677 /* Frameworks */,
				D7431B6425A188F6003DD677 /* Resources */,
				07351746D65449BFE0FB64B3 /* [CP] Embed Pods Frameworks */,
			);
			buildRules = (
			);
			dependencies = (
			);
			name = GBShop;
			productName = GBShop;
			productReference = D7431B6625A188F6003DD677 /* GBShop.app */;
			productType = "com.apple.product-type.application";
		};
		D7431B7B25A188F9003DD677 /* GBShopTests */ = {
			isa = PBXNativeTarget;
			buildConfigurationList = D7431B9325A188F9003DD677 /* Build configuration list for PBXNativeTarget "GBShopTests" */;
			buildPhases = (
				8E38E02C3A7D90C84CDBDE8B /* [CP] Check Pods Manifest.lock */,
				D7431B7825A188F9003DD677 /* Sources */,
				D7431B7925A188F9003DD677 /* Frameworks */,
				D7431B7A25A188F9003DD677 /* Resources */,
			);
			buildRules = (
			);
			dependencies = (
				D7431B7E25A188F9003DD677 /* PBXTargetDependency */,
			);
			name = GBShopTests;
			productName = GBShopTests;
			productReference = D7431B7C25A188F9003DD677 /* GBShopTests.xctest */;
			productType = "com.apple.product-type.bundle.unit-test";
		};
		D7431B8625A188F9003DD677 /* GBShopUITests */ = {
			isa = PBXNativeTarget;
			buildConfigurationList = D7431B9625A188F9003DD677 /* Build configuration list for PBXNativeTarget "GBShopUITests" */;
			buildPhases = (
				F4CE4C0A5ADF84B8D2A01B12 /* [CP] Check Pods Manifest.lock */,
				D7431B8325A188F9003DD677 /* Sources */,
				D7431B8425A188F9003DD677 /* Frameworks */,
				D7431B8525A188F9003DD677 /* Resources */,
				B91544F1AEB82AF805E37B52 /* [CP] Embed Pods Frameworks */,
			);
			buildRules = (
			);
			dependencies = (
				D7431B8925A188F9003DD677 /* PBXTargetDependency */,
			);
			name = GBShopUITests;
			productName = GBShopUITests;
			productReference = D7431B8725A188F9003DD677 /* GBShopUITests.xctest */;
			productType = "com.apple.product-type.bundle.ui-testing";
		};
/* End PBXNativeTarget section */

/* Begin PBXProject section */
		D7431B5E25A188F6003DD677 /* Project object */ = {
			isa = PBXProject;
			attributes = {
				LastSwiftUpdateCheck = 1220;
				LastUpgradeCheck = 1220;
				TargetAttributes = {
					D7431B6525A188F6003DD677 = {
						CreatedOnToolsVersion = 12.2;
					};
					D7431B7B25A188F9003DD677 = {
						CreatedOnToolsVersion = 12.2;
						TestTargetID = D7431B6525A188F6003DD677;
					};
					D7431B8625A188F9003DD677 = {
						CreatedOnToolsVersion = 12.2;
						TestTargetID = D7431B6525A188F6003DD677;
					};
				};
			};
			buildConfigurationList = D7431B6125A188F6003DD677 /* Build configuration list for PBXProject "GBShop" */;
			compatibilityVersion = "Xcode 9.3";
			developmentRegion = en;
			hasScannedForEncodings = 0;
			knownRegions = (
				en,
				Base,
			);
			mainGroup = D7431B5D25A188F6003DD677;
			productRefGroup = D7431B6725A188F6003DD677 /* Products */;
			projectDirPath = "";
			projectRoot = "";
			targets = (
				D7431B6525A188F6003DD677 /* GBShop */,
				D7431B7B25A188F9003DD677 /* GBShopTests */,
				D7431B8625A188F9003DD677 /* GBShopUITests */,
			);
		};
/* End PBXProject section */

/* Begin PBXResourcesBuildPhase section */
		D7431B6425A188F6003DD677 /* Resources */ = {
			isa = PBXResourcesBuildPhase;
			buildActionMask = 2147483647;
			files = (
				D7431B7625A188F8003DD677 /* LaunchScreen.storyboard in Resources */,
				D7431B7325A188F8003DD677 /* Assets.xcassets in Resources */,
				D7431B7125A188F6003DD677 /* Main.storyboard in Resources */,
			);
			runOnlyForDeploymentPostprocessing = 0;
		};
		D7431B7A25A188F9003DD677 /* Resources */ = {
			isa = PBXResourcesBuildPhase;
			buildActionMask = 2147483647;
			files = (
			);
			runOnlyForDeploymentPostprocessing = 0;
		};
		D7431B8525A188F9003DD677 /* Resources */ = {
			isa = PBXResourcesBuildPhase;
			buildActionMask = 2147483647;
			files = (
			);
			runOnlyForDeploymentPostprocessing = 0;
		};
/* End PBXResourcesBuildPhase section */

/* Begin PBXShellScriptBuildPhase section */
		07351746D65449BFE0FB64B3 /* [CP] Embed Pods Frameworks */ = {
			isa = PBXShellScriptBuildPhase;
			buildActionMask = 2147483647;
			files = (
			);
			inputFileListPaths = (
				"${PODS_ROOT}/Target Support Files/Pods-GBShop/Pods-GBShop-frameworks-${CONFIGURATION}-input-files.xcfilelist",
			);
			name = "[CP] Embed Pods Frameworks";
			outputFileListPaths = (
				"${PODS_ROOT}/Target Support Files/Pods-GBShop/Pods-GBShop-frameworks-${CONFIGURATION}-output-files.xcfilelist",
			);
			runOnlyForDeploymentPostprocessing = 0;
			shellPath = /bin/sh;
			shellScript = "\"${PODS_ROOT}/Target Support Files/Pods-GBShop/Pods-GBShop-frameworks.sh\"\n";
			showEnvVarsInLog = 0;
		};
		8E38E02C3A7D90C84CDBDE8B /* [CP] Check Pods Manifest.lock */ = {
			isa = PBXShellScriptBuildPhase;
			buildActionMask = 2147483647;
			files = (
			);
			inputFileListPaths = (
			);
			inputPaths = (
				"${PODS_PODFILE_DIR_PATH}/Podfile.lock",
				"${PODS_ROOT}/Manifest.lock",
			);
			name = "[CP] Check Pods Manifest.lock";
			outputFileListPaths = (
			);
			outputPaths = (
				"$(DERIVED_FILE_DIR)/Pods-GBShopTests-checkManifestLockResult.txt",
			);
			runOnlyForDeploymentPostprocessing = 0;
			shellPath = /bin/sh;
			shellScript = "diff \"${PODS_PODFILE_DIR_PATH}/Podfile.lock\" \"${PODS_ROOT}/Manifest.lock\" > /dev/null\nif [ $? != 0 ] ; then\n    # print error to STDERR\n    echo \"error: The sandbox is not in sync with the Podfile.lock. Run 'pod install' or update your CocoaPods installation.\" >&2\n    exit 1\nfi\n# This output is used by Xcode 'outputs' to avoid re-running this script phase.\necho \"SUCCESS\" > \"${SCRIPT_OUTPUT_FILE_0}\"\n";
			showEnvVarsInLog = 0;
		};
		B91544F1AEB82AF805E37B52 /* [CP] Embed Pods Frameworks */ = {
			isa = PBXShellScriptBuildPhase;
			buildActionMask = 2147483647;
			files = (
			);
			inputFileListPaths = (
				"${PODS_ROOT}/Target Support Files/Pods-GBShop-GBShopUITests/Pods-GBShop-GBShopUITests-frameworks-${CONFIGURATION}-input-files.xcfilelist",
			);
			name = "[CP] Embed Pods Frameworks";
			outputFileListPaths = (
				"${PODS_ROOT}/Target Support Files/Pods-GBShop-GBShopUITests/Pods-GBShop-GBShopUITests-frameworks-${CONFIGURATION}-output-files.xcfilelist",
			);
			runOnlyForDeploymentPostprocessing = 0;
			shellPath = /bin/sh;
			shellScript = "\"${PODS_ROOT}/Target Support Files/Pods-GBShop-GBShopUITests/Pods-GBShop-GBShopUITests-frameworks.sh\"\n";
			showEnvVarsInLog = 0;
		};
		B9D2C6D8A7011C4F2B97F5DD /* [CP] Check Pods Manifest.lock */ = {
			isa = PBXShellScriptBuildPhase;
			buildActionMask = 2147483647;
			files = (
			);
			inputFileListPaths = (
			);
			inputPaths = (
				"${PODS_PODFILE_DIR_PATH}/Podfile.lock",
				"${PODS_ROOT}/Manifest.lock",
			);
			name = "[CP] Check Pods Manifest.lock";
			outputFileListPaths = (
			);
			outputPaths = (
				"$(DERIVED_FILE_DIR)/Pods-GBShop-checkManifestLockResult.txt",
			);
			runOnlyForDeploymentPostprocessing = 0;
			shellPath = /bin/sh;
			shellScript = "diff \"${PODS_PODFILE_DIR_PATH}/Podfile.lock\" \"${PODS_ROOT}/Manifest.lock\" > /dev/null\nif [ $? != 0 ] ; then\n    # print error to STDERR\n    echo \"error: The sandbox is not in sync with the Podfile.lock. Run 'pod install' or update your CocoaPods installation.\" >&2\n    exit 1\nfi\n# This output is used by Xcode 'outputs' to avoid re-running this script phase.\necho \"SUCCESS\" > \"${SCRIPT_OUTPUT_FILE_0}\"\n";
			showEnvVarsInLog = 0;
		};
		F4CE4C0A5ADF84B8D2A01B12 /* [CP] Check Pods Manifest.lock */ = {
			isa = PBXShellScriptBuildPhase;
			buildActionMask = 2147483647;
			files = (
			);
			inputFileListPaths = (
			);
			inputPaths = (
				"${PODS_PODFILE_DIR_PATH}/Podfile.lock",
				"${PODS_ROOT}/Manifest.lock",
			);
			name = "[CP] Check Pods Manifest.lock";
			outputFileListPaths = (
			);
			outputPaths = (
				"$(DERIVED_FILE_DIR)/Pods-GBShop-GBShopUITests-checkManifestLockResult.txt",
			);
			runOnlyForDeploymentPostprocessing = 0;
			shellPath = /bin/sh;
			shellScript = "diff \"${PODS_PODFILE_DIR_PATH}/Podfile.lock\" \"${PODS_ROOT}/Manifest.lock\" > /dev/null\nif [ $? != 0 ] ; then\n    # print error to STDERR\n    echo \"error: The sandbox is not in sync with the Podfile.lock. Run 'pod install' or update your CocoaPods installation.\" >&2\n    exit 1\nfi\n# This output is used by Xcode 'outputs' to avoid re-running this script phase.\necho \"SUCCESS\" > \"${SCRIPT_OUTPUT_FILE_0}\"\n";
			showEnvVarsInLog = 0;
		};
/* End PBXShellScriptBuildPhase section */

/* Begin PBXSourcesBuildPhase section */
		D7431B6225A188F6003DD677 /* Sources */ = {
			isa = PBXSourcesBuildPhase;
			buildActionMask = 2147483647;
			files = (
				D7431BDB25A18D88003DD677 /* AuthRequestFactory.swift in Sources */,
				D7431BB025A18BAC003DD677 /* User.swift in Sources */,
				D7431BC725A18CDB003DD677 /* DataRequest..swift in Sources */,
				D7431BE525A18DC9003DD677 /* RequestFactory.swift in Sources */,
				D7431B6E25A188F6003DD677 /* ViewController.swift in Sources */,
				D7431BB525A18BCA003DD677 /* LoginResult.swift in Sources */,
				D7431BCC25A18D07003DD677 /* AbstractRequestFactory.swift in Sources */,
				D7431BD625A18D56003DD677 /* ErrorParser.swift in Sources */,
				D7431BC225A18CB2003DD677 /* AbstractErrorParser.swift in Sources */,
				D7431B6A25A188F6003DD677 /* AppDelegate.swift in Sources */,
				D7431B6C25A188F6003DD677 /* SceneDelegate.swift in Sources */,
				D7431BD125A18D33003DD677 /* RequestRouter.swift in Sources */,
				D7431BE025A18DA6003DD677 /* Auth.swift in Sources */,
			);
			runOnlyForDeploymentPostprocessing = 0;
		};
		D7431B7825A188F9003DD677 /* Sources */ = {
			isa = PBXSourcesBuildPhase;
			buildActionMask = 2147483647;
			files = (
				D7431B8125A188F9003DD677 /* GBShopTests.swift in Sources */,
			);
			runOnlyForDeploymentPostprocessing = 0;
		};
		D7431B8325A188F9003DD677 /* Sources */ = {
			isa = PBXSourcesBuildPhase;
			buildActionMask = 2147483647;
			files = (
				D7431B8C25A188F9003DD677 /* GBShopUITests.swift in Sources */,
			);
			runOnlyForDeploymentPostprocessing = 0;
		};
/* End PBXSourcesBuildPhase section */

/* Begin PBXTargetDependency section */
		D7431B7E25A188F9003DD677 /* PBXTargetDependency */ = {
			isa = PBXTargetDependency;
			target = D7431B6525A188F6003DD677 /* GBShop */;
			targetProxy = D7431B7D25A188F9003DD677 /* PBXContainerItemProxy */;
		};
		D7431B8925A188F9003DD677 /* PBXTargetDependency */ = {
			isa = PBXTargetDependency;
			target = D7431B6525A188F6003DD677 /* GBShop */;
			targetProxy = D7431B8825A188F9003DD677 /* PBXContainerItemProxy */;
		};
/* End PBXTargetDependency section */

/* Begin PBXVariantGroup section */
		D7431B6F25A188F6003DD677 /* Main.storyboard */ = {
			isa = PBXVariantGroup;
			children = (
				D7431B7025A188F6003DD677 /* Base */,
			);
			name = Main.storyboard;
			sourceTree = "<group>";
		};
		D7431B7425A188F8003DD677 /* LaunchScreen.storyboard */ = {
			isa = PBXVariantGroup;
			children = (
				D7431B7525A188F8003DD677 /* Base */,
			);
			name = LaunchScreen.storyboard;
			sourceTree = "<group>";
		};
/* End PBXVariantGroup section */

/* Begin XCBuildConfiguration section */
		D7431B8E25A188F9003DD677 /* Debug */ = {
			isa = XCBuildConfiguration;
			buildSettings = {
				ALWAYS_SEARCH_USER_PATHS = NO;
				CLANG_ANALYZER_NONNULL = YES;
				CLANG_ANALYZER_NUMBER_OBJECT_CONVERSION = YES_AGGRESSIVE;
				CLANG_CXX_LANGUAGE_STANDARD = "gnu++14";
				CLANG_CXX_LIBRARY = "libc++";
				CLANG_ENABLE_MODULES = YES;
				CLANG_ENABLE_OBJC_ARC = YES;
				CLANG_ENABLE_OBJC_WEAK = YES;
				CLANG_WARN_BLOCK_CAPTURE_AUTORELEASING = YES;
				CLANG_WARN_BOOL_CONVERSION = YES;
				CLANG_WARN_COMMA = YES;
				CLANG_WARN_CONSTANT_CONVERSION = YES;
				CLANG_WARN_DEPRECATED_OBJC_IMPLEMENTATIONS = YES;
				CLANG_WARN_DIRECT_OBJC_ISA_USAGE = YES_ERROR;
				CLANG_WARN_DOCUMENTATION_COMMENTS = YES;
				CLANG_WARN_EMPTY_BODY = YES;
				CLANG_WARN_ENUM_CONVERSION = YES;
				CLANG_WARN_INFINITE_RECURSION = YES;
				CLANG_WARN_INT_CONVERSION = YES;
				CLANG_WARN_NON_LITERAL_NULL_CONVERSION = YES;
				CLANG_WARN_OBJC_IMPLICIT_RETAIN_SELF = YES;
				CLANG_WARN_OBJC_LITERAL_CONVERSION = YES;
				CLANG_WARN_OBJC_ROOT_CLASS = YES_ERROR;
				CLANG_WARN_QUOTED_INCLUDE_IN_FRAMEWORK_HEADER = YES;
				CLANG_WARN_RANGE_LOOP_ANALYSIS = YES;
				CLANG_WARN_STRICT_PROTOTYPES = YES;
				CLANG_WARN_SUSPICIOUS_MOVE = YES;
				CLANG_WARN_UNGUARDED_AVAILABILITY = YES_AGGRESSIVE;
				CLANG_WARN_UNREACHABLE_CODE = YES;
				CLANG_WARN__DUPLICATE_METHOD_MATCH = YES;
				COPY_PHASE_STRIP = NO;
				DEBUG_INFORMATION_FORMAT = dwarf;
				ENABLE_STRICT_OBJC_MSGSEND = YES;
				ENABLE_TESTABILITY = YES;
				GCC_C_LANGUAGE_STANDARD = gnu11;
				GCC_DYNAMIC_NO_PIC = NO;
				GCC_NO_COMMON_BLOCKS = YES;
				GCC_OPTIMIZATION_LEVEL = 0;
				GCC_PREPROCESSOR_DEFINITIONS = (
					"DEBUG=1",
					"$(inherited)",
				);
				GCC_WARN_64_TO_32_BIT_CONVERSION = YES;
				GCC_WARN_ABOUT_RETURN_TYPE = YES_ERROR;
				GCC_WARN_UNDECLARED_SELECTOR = YES;
				GCC_WARN_UNINITIALIZED_AUTOS = YES_AGGRESSIVE;
				GCC_WARN_UNUSED_FUNCTION = YES;
				GCC_WARN_UNUSED_VARIABLE = YES;
				IPHONEOS_DEPLOYMENT_TARGET = 14.2;
				MTL_ENABLE_DEBUG_INFO = INCLUDE_SOURCE;
				MTL_FAST_MATH = YES;
				ONLY_ACTIVE_ARCH = YES;
				SDKROOT = iphoneos;
				SWIFT_ACTIVE_COMPILATION_CONDITIONS = DEBUG;
				SWIFT_OPTIMIZATION_LEVEL = "-Onone";
			};
			name = Debug;
		};
		D7431B8F25A188F9003DD677 /* Release */ = {
			isa = XCBuildConfiguration;
			buildSettings = {
				ALWAYS_SEARCH_USER_PATHS = NO;
				CLANG_ANALYZER_NONNULL = YES;
				CLANG_ANALYZER_NUMBER_OBJECT_CONVERSION = YES_AGGRESSIVE;
				CLANG_CXX_LANGUAGE_STANDARD = "gnu++14";
				CLANG_CXX_LIBRARY = "libc++";
				CLANG_ENABLE_MODULES = YES;
				CLANG_ENABLE_OBJC_ARC = YES;
				CLANG_ENABLE_OBJC_WEAK = YES;
				CLANG_WARN_BLOCK_CAPTURE_AUTORELEASING = YES;
				CLANG_WARN_BOOL_CONVERSION = YES;
				CLANG_WARN_COMMA = YES;
				CLANG_WARN_CONSTANT_CONVERSION = YES;
				CLANG_WARN_DEPRECATED_OBJC_IMPLEMENTATIONS = YES;
				CLANG_WARN_DIRECT_OBJC_ISA_USAGE = YES_ERROR;
				CLANG_WARN_DOCUMENTATION_COMMENTS = YES;
				CLANG_WARN_EMPTY_BODY = YES;
				CLANG_WARN_ENUM_CONVERSION = YES;
				CLANG_WARN_INFINITE_RECURSION = YES;
				CLANG_WARN_INT_CONVERSION = YES;
				CLANG_WARN_NON_LITERAL_NULL_CONVERSION = YES;
				CLANG_WARN_OBJC_IMPLICIT_RETAIN_SELF = YES;
				CLANG_WARN_OBJC_LITERAL_CONVERSION = YES;
				CLANG_WARN_OBJC_ROOT_CLASS = YES_ERROR;
				CLANG_WARN_QUOTED_INCLUDE_IN_FRAMEWORK_HEADER = YES;
				CLANG_WARN_RANGE_LOOP_ANALYSIS = YES;
				CLANG_WARN_STRICT_PROTOTYPES = YES;
				CLANG_WARN_SUSPICIOUS_MOVE = YES;
				CLANG_WARN_UNGUARDED_AVAILABILITY = YES_AGGRESSIVE;
				CLANG_WARN_UNREACHABLE_CODE = YES;
				CLANG_WARN__DUPLICATE_METHOD_MATCH = YES;
				COPY_PHASE_STRIP = NO;
				DEBUG_INFORMATION_FORMAT = "dwarf-with-dsym";
				ENABLE_NS_ASSERTIONS = NO;
				ENABLE_STRICT_OBJC_MSGSEND = YES;
				GCC_C_LANGUAGE_STANDARD = gnu11;
				GCC_NO_COMMON_BLOCKS = YES;
				GCC_WARN_64_TO_32_BIT_CONVERSION = YES;
				GCC_WARN_ABOUT_RETURN_TYPE = YES_ERROR;
				GCC_WARN_UNDECLARED_SELECTOR = YES;
				GCC_WARN_UNINITIALIZED_AUTOS = YES_AGGRESSIVE;
				GCC_WARN_UNUSED_FUNCTION = YES;
				GCC_WARN_UNUSED_VARIABLE = YES;
				IPHONEOS_DEPLOYMENT_TARGET = 14.2;
				MTL_ENABLE_DEBUG_INFO = NO;
				MTL_FAST_MATH = YES;
				SDKROOT = iphoneos;
				SWIFT_COMPILATION_MODE = wholemodule;
				SWIFT_OPTIMIZATION_LEVEL = "-O";
				VALIDATE_PRODUCT = YES;
			};
			name = Release;
		};
		D7431B9125A188F9003DD677 /* Debug */ = {
			isa = XCBuildConfiguration;
			baseConfigurationReference = 6F5ED73881A62D0BC49F8A1E /* Pods-GBShop.debug.xcconfig */;
			buildSettings = {
				ASSETCATALOG_COMPILER_APPICON_NAME = AppIcon;
				ASSETCATALOG_COMPILER_GLOBAL_ACCENT_COLOR_NAME = AccentColor;
				CODE_SIGN_STYLE = Automatic;
				DEVELOPMENT_TEAM = JHDC5TATVS;
				INFOPLIST_FILE = GBShop/Info.plist;
				LD_RUNPATH_SEARCH_PATHS = (
					"$(inherited)",
					"@executable_path/Frameworks",
				);
				PRODUCT_BUNDLE_IDENTIFIER = OksanaZvereva.GBShop;
				PRODUCT_NAME = "$(TARGET_NAME)";
				SWIFT_VERSION = 5.0;
				TARGETED_DEVICE_FAMILY = "1,2";
			};
			name = Debug;
		};
		D7431B9225A188F9003DD677 /* Release */ = {
			isa = XCBuildConfiguration;
			baseConfigurationReference = 2CB9A695A9F58A70FAABB1D5 /* Pods-GBShop.release.xcconfig */;
			buildSettings = {
				ASSETCATALOG_COMPILER_APPICON_NAME = AppIcon;
				ASSETCATALOG_COMPILER_GLOBAL_ACCENT_COLOR_NAME = AccentColor;
				CODE_SIGN_STYLE = Automatic;
				DEVELOPMENT_TEAM = JHDC5TATVS;
				INFOPLIST_FILE = GBShop/Info.plist;
				LD_RUNPATH_SEARCH_PATHS = (
					"$(inherited)",
					"@executable_path/Frameworks",
				);
				PRODUCT_BUNDLE_IDENTIFIER = OksanaZvereva.GBShop;
				PRODUCT_NAME = "$(TARGET_NAME)";
				SWIFT_VERSION = 5.0;
				TARGETED_DEVICE_FAMILY = "1,2";
			};
			name = Release;
		};
		D7431B9425A188F9003DD677 /* Debug */ = {
			isa = XCBuildConfiguration;
			baseConfigurationReference = FF04F2BF4BC53E049FAFB6E7 /* Pods-GBShopTests.debug.xcconfig */;
			buildSettings = {
				ALWAYS_EMBED_SWIFT_STANDARD_LIBRARIES = YES;
				BUNDLE_LOADER = "$(TEST_HOST)";
				CODE_SIGN_STYLE = Automatic;
				DEVELOPMENT_TEAM = JHDC5TATVS;
				INFOPLIST_FILE = GBShopTests/Info.plist;
				IPHONEOS_DEPLOYMENT_TARGET = 14.2;
				LD_RUNPATH_SEARCH_PATHS = (
					"$(inherited)",
					"@executable_path/Frameworks",
					"@loader_path/Frameworks",
				);
				PRODUCT_BUNDLE_IDENTIFIER = OksanaZvereva.GBShopTests;
				PRODUCT_NAME = "$(TARGET_NAME)";
				SWIFT_VERSION = 5.0;
				TARGETED_DEVICE_FAMILY = "1,2";
				TEST_HOST = "$(BUILT_PRODUCTS_DIR)/GBShop.app/GBShop";
			};
			name = Debug;
		};
		D7431B9525A188F9003DD677 /* Release */ = {
			isa = XCBuildConfiguration;
			baseConfigurationReference = 3A25A068C359AF756BFF9A39 /* Pods-GBShopTests.release.xcconfig */;
			buildSettings = {
				ALWAYS_EMBED_SWIFT_STANDARD_LIBRARIES = YES;
				BUNDLE_LOADER = "$(TEST_HOST)";
				CODE_SIGN_STYLE = Automatic;
				DEVELOPMENT_TEAM = JHDC5TATVS;
				INFOPLIST_FILE = GBShopTests/Info.plist;
				IPHONEOS_DEPLOYMENT_TARGET = 14.2;
				LD_RUNPATH_SEARCH_PATHS = (
					"$(inherited)",
					"@executable_path/Frameworks",
					"@loader_path/Frameworks",
				);
				PRODUCT_BUNDLE_IDENTIFIER = OksanaZvereva.GBShopTests;
				PRODUCT_NAME = "$(TARGET_NAME)";
				SWIFT_VERSION = 5.0;
				TARGETED_DEVICE_FAMILY = "1,2";
				TEST_HOST = "$(BUILT_PRODUCTS_DIR)/GBShop.app/GBShop";
			};
			name = Release;
		};
		D7431B9725A188F9003DD677 /* Debug */ = {
			isa = XCBuildConfiguration;
			baseConfigurationReference = 0BF7DB1B577EA412A83A6369 /* Pods-GBShop-GBShopUITests.debug.xcconfig */;
			buildSettings = {
				ALWAYS_EMBED_SWIFT_STANDARD_LIBRARIES = YES;
				CODE_SIGN_STYLE = Automatic;
				DEVELOPMENT_TEAM = JHDC5TATVS;
				INFOPLIST_FILE = GBShopUITests/Info.plist;
				LD_RUNPATH_SEARCH_PATHS = (
					"$(inherited)",
					"@executable_path/Frameworks",
					"@loader_path/Frameworks",
				);
				PRODUCT_BUNDLE_IDENTIFIER = OksanaZvereva.GBShopUITests;
				PRODUCT_NAME = "$(TARGET_NAME)";
				SWIFT_VERSION = 5.0;
				TARGETED_DEVICE_FAMILY = "1,2";
				TEST_TARGET_NAME = GBShop;
			};
			name = Debug;
		};
		D7431B9825A188F9003DD677 /* Release */ = {
			isa = XCBuildConfiguration;
			baseConfigurationReference = 4F14DF3F25545828ECD254B4 /* Pods-GBShop-GBShopUITests.release.xcconfig */;
			buildSettings = {
				ALWAYS_EMBED_SWIFT_STANDARD_LIBRARIES = YES;
				CODE_SIGN_STYLE = Automatic;
				DEVELOPMENT_TEAM = JHDC5TATVS;
				INFOPLIST_FILE = GBShopUITests/Info.plist;
				LD_RUNPATH_SEARCH_PATHS = (
					"$(inherited)",
					"@executable_path/Frameworks",
					"@loader_path/Frameworks",
				);
				PRODUCT_BUNDLE_IDENTIFIER = OksanaZvereva.GBShopUITests;
				PRODUCT_NAME = "$(TARGET_NAME)";
				SWIFT_VERSION = 5.0;
				TARGETED_DEVICE_FAMILY = "1,2";
				TEST_TARGET_NAME = GBShop;
			};
			name = Release;
		};
/* End XCBuildConfiguration section */

/* Begin XCConfigurationList section */
		D7431B6125A188F6003DD677 /* Build configuration list for PBXProject "GBShop" */ = {
			isa = XCConfigurationList;
			buildConfigurations = (
				D7431B8E25A188F9003DD677 /* Debug */,
				D7431B8F25A188F9003DD677 /* Release */,
			);
			defaultConfigurationIsVisible = 0;
			defaultConfigurationName = Release;
		};
		D7431B9025A188F9003DD677 /* Build configuration list for PBXNativeTarget "GBShop" */ = {
			isa = XCConfigurationList;
			buildConfigurations = (
				D7431B9125A188F9003DD677 /* Debug */,
				D7431B9225A188F9003DD677 /* Release */,
			);
			defaultConfigurationIsVisible = 0;
			defaultConfigurationName = Release;
		};
		D7431B9325A188F9003DD677 /* Build configuration list for PBXNativeTarget "GBShopTests" */ = {
			isa = XCConfigurationList;
			buildConfigurations = (
				D7431B9425A188F9003DD677 /* Debug */,
				D7431B9525A188F9003DD677 /* Release */,
			);
			defaultConfigurationIsVisible = 0;
			defaultConfigurationName = Release;
		};
		D7431B9625A188F9003DD677 /* Build configuration list for PBXNativeTarget "GBShopUITests" */ = {
			isa = XCConfigurationList;
			buildConfigurations = (
				D7431B9725A188F9003DD677 /* Debug */,
				D7431B9825A188F9003DD677 /* Release */,
			);
			defaultConfigurationIsVisible = 0;
			defaultConfigurationName = Release;
		};
/* End XCConfigurationList section */
	};
	rootObject = D7431B5E25A188F6003DD677 /* Project object */;
}
